// !$*UTF8*$!
{
	archiveVersion = 1;
	classes = {
	};
	objectVersion = 55;
	objects = {

/* Begin PBXBuildFile section */
		A70BAC502905BC0600A29B15 /* AppDelegate.swift in Sources */ = {isa = PBXBuildFile; fileRef = A70BAC4F2905BC0600A29B15 /* AppDelegate.swift */; };
		A70BAC522905BC0600A29B15 /* SceneDelegate.swift in Sources */ = {isa = PBXBuildFile; fileRef = A70BAC512905BC0600A29B15 /* SceneDelegate.swift */; };
		A70BAC542905BC0600A29B15 /* ViewController.swift in Sources */ = {isa = PBXBuildFile; fileRef = A70BAC532905BC0600A29B15 /* ViewController.swift */; };
		A70BAC572905BC0600A29B15 /* Main.storyboard in Resources */ = {isa = PBXBuildFile; fileRef = A70BAC552905BC0600A29B15 /* Main.storyboard */; };
		A70BAC5A2905BC0600A29B15 /* MyCars.xcdatamodeld in Sources */ = {isa = PBXBuildFile; fileRef = A70BAC582905BC0600A29B15 /* MyCars.xcdatamodeld */; };
		A70BAC5C2905BC0700A29B15 /* Assets.xcassets in Resources */ = {isa = PBXBuildFile; fileRef = A70BAC5B2905BC0700A29B15 /* Assets.xcassets */; };
		A70BAC5F2905BC0700A29B15 /* LaunchScreen.storyboard in Resources */ = {isa = PBXBuildFile; fileRef = A70BAC5D2905BC0700A29B15 /* LaunchScreen.storyboard */; };
		A70BAC672905BC6E00A29B15 /* data.plist in Resources */ = {isa = PBXBuildFile; fileRef = A70BAC662905BC6E00A29B15 /* data.plist */; };
/* End PBXBuildFile section */

/* Begin PBXFileReference section */
		A70BAC4C2905BC0600A29B15 /* MyCars.app */ = {isa = PBXFileReference; explicitFileType = wrapper.application; includeInIndex = 0; path = MyCars.app; sourceTree = BUILT_PRODUCTS_DIR; };
		A70BAC4F2905BC0600A29B15 /* AppDelegate.swift */ = {isa = PBXFileReference; lastKnownFileType = sourcecode.swift; path = AppDelegate.swift; sourceTree = "<group>"; };
		A70BAC512905BC0600A29B15 /* SceneDelegate.swift */ = {isa = PBXFileReference; lastKnownFileType = sourcecode.swift; path = SceneDelegate.swift; sourceTree = "<group>"; };
		A70BAC532905BC0600A29B15 /* ViewController.swift */ = {isa = PBXFileReference; lastKnownFileType = sourcecode.swift; path = ViewController.swift; sourceTree = "<group>"; };
		A70BAC562905BC0600A29B15 /* Base */ = {isa = PBXFileReference; lastKnownFileType = file.storyboard; name = Base; path = Base.lproj/Main.storyboard; sourceTree = "<group>"; };
		A70BAC592905BC0600A29B15 /* MyCars.xcdatamodel */ = {isa = PBXFileReference; lastKnownFileType = wrapper.xcdatamodel; path = MyCars.xcdatamodel; sourceTree = "<group>"; };
		A70BAC5B2905BC0700A29B15 /* Assets.xcassets */ = {isa = PBXFileReference; lastKnownFileType = folder.assetcatalog; path = Assets.xcassets; sourceTree = "<group>"; };
		A70BAC5E2905BC0700A29B15 /* Base */ = {isa = PBXFileReference; lastKnownFileType = file.storyboard; name = Base; path = Base.lproj/LaunchScreen.storyboard; sourceTree = "<group>"; };
		A70BAC602905BC0700A29B15 /* Info.plist */ = {isa = PBXFileReference; lastKnownFileType = text.plist.xml; path = Info.plist; sourceTree = "<group>"; };
		A70BAC662905BC6E00A29B15 /* data.plist */ = {isa = PBXFileReference; fileEncoding = 4; lastKnownFileType = text.plist.xml; path = data.plist; sourceTree = "<group>"; };
/* End PBXFileReference section */

/* Begin PBXFrameworksBuildPhase section */
		A70BAC492905BC0600A29B15 /* Frameworks */ = {
			isa = PBXFrameworksBuildPhase;
			buildActionMask = 2147483647;
			files = (
			);
			runOnlyForDeploymentPostprocessing = 0;
		};
/* End PBXFrameworksBuildPhase section */

/* Begin PBXGroup section */
		A70BAC432905BC0600A29B15 = {
			isa = PBXGroup;
			children = (
				A70BAC4E2905BC0600A29B15 /* MyCars */,
				A70BAC4D2905BC0600A29B15 /* Products */,
			);
			sourceTree = "<group>";
		};
		A70BAC4D2905BC0600A29B15 /* Products */ = {
			isa = PBXGroup;
			children = (
				A70BAC4C2905BC0600A29B15 /* MyCars.app */,
			);
			name = Products;
			sourceTree = "<group>";
		};
		A70BAC4E2905BC0600A29B15 /* MyCars */ = {
			isa = PBXGroup;
			children = (
				A70BAC4F2905BC0600A29B15 /* AppDelegate.swift */,
				A70BAC512905BC0600A29B15 /* SceneDelegate.swift */,
				A70BAC532905BC0600A29B15 /* ViewController.swift */,
				A70BAC552905BC0600A29B15 /* Main.storyboard */,
				A70BAC5B2905BC0700A29B15 /* Assets.xcassets */,
				A70BAC5D2905BC0700A29B15 /* LaunchScreen.storyboard */,
				A70BAC662905BC6E00A29B15 /* data.plist */,
				A70BAC602905BC0700A29B15 /* Info.plist */,
				A70BAC582905BC0600A29B15 /* MyCars.xcdatamodeld */,
			);
			path = MyCars;
			sourceTree = "<group>";
		};
/* End PBXGroup section */

/* Begin PBXNativeTarget section */
		A70BAC4B2905BC0600A29B15 /* MyCars */ = {
			isa = PBXNativeTarget;
			buildConfigurationList = A70BAC632905BC0700A29B15 /* Build configuration list for PBXNativeTarget "MyCars" */;
			buildPhases = (
				A70BAC482905BC0600A29B15 /* Sources */,
				A70BAC492905BC0600A29B15 /* Frameworks */,
				A70BAC4A2905BC0600A29B15 /* Resources */,
			);
			buildRules = (
			);
			dependencies = (
			);
			name = MyCars;
			productName = MyCars;
			productReference = A70BAC4C2905BC0600A29B15 /* MyCars.app */;
			productType = "com.apple.product-type.application";
		};
/* End PBXNativeTarget section */

/* Begin PBXProject section */
		A70BAC442905BC0600A29B15 /* Project object */ = {
			isa = PBXProject;
			attributes = {
				BuildIndependentTargetsInParallel = 1;
				LastSwiftUpdateCheck = 1340;
				LastUpgradeCheck = 1340;
				TargetAttributes = {
					A70BAC4B2905BC0600A29B15 = {
						CreatedOnToolsVersion = 13.4.1;
					};
				};
			};
			buildConfigurationList = A70BAC472905BC0600A29B15 /* Build configuration list for PBXProject "MyCars" */;
			compatibilityVersion = "Xcode 13.0";
			developmentRegion = en;
			hasScannedForEncodings = 0;
			knownRegions = (
				en,
				Base,
			);
			mainGroup = A70BAC432905BC0600A29B15;
			productRefGroup = A70BAC4D2905BC0600A29B15 /* Products */;
			projectDirPath = "";
			projectRoot = "";
			targets = (
				A70BAC4B2905BC0600A29B15 /* MyCars */,
			);
		};
/* End PBXProject section */

/* Begin PBXResourcesBuildPhase section */
		A70BAC4A2905BC0600A29B15 /* Resources */ = {
			isa = PBXResourcesBuildPhase;
			buildActionMask = 2147483647;
			files = (
				A70BAC5F2905BC0700A29B15 /* LaunchScreen.storyboard in Resources */,
				A70BAC5C2905BC0700A29B15 /* Assets.xcassets in Resources */,
				A70BAC672905BC6E00A29B15 /* data.plist in Resources */,
				A70BAC572905BC0600A29B15 /* Main.storyboard in Resources */,
			);
			runOnlyForDeploymentPostprocessing = 0;
		};
/* End PBXResourcesBuildPhase section */

/* Begin PBXSourcesBuildPhase section */
		A70BAC482905BC0600A29B15 /* Sources */ = {
			isa = PBXSourcesBuildPhase;
			buildActionMask = 2147483647;
			files = (
				A70BAC542905BC0600A29B15 /* ViewController.swift in Sources */,
				A70BAC502905BC0600A29B15 /* AppDelegate.swift in Sources */,
				A70BAC5A2905BC0600A29B15 /* MyCars.xcdatamodeld in Sources */,
				A70BAC522905BC0600A29B15 /* SceneDelegate.swift in Sources */,
			);
			runOnlyForDeploymentPostprocessing = 0;
		};
/* End PBXSourcesBuildPhase section */

/* Begin PBXVariantGroup section */
		A70BAC552905BC0600A29B15 /* Main.storyboard */ = {
			isa = PBXVariantGroup;
			children = (
				A70BAC562905BC0600A29B15 /* Base */,
			);
			name = Main.storyboard;
			sourceTree = "<group>";
		};
		A70BAC5D2905BC0700A29B15 /* LaunchScreen.storyboard */ = {
			isa = PBXVariantGroup;
			children = (
				A70BAC5E2905BC0700A29B15 /* Base */,
			);
			name = LaunchScreen.storyboard;
			sourceTree = "<group>";
		};
/* End PBXVariantGroup section */

/* Begin XCBuildConfiguration section */
		A70BAC612905BC0700A29B15 /* Debug */ = {
			isa = XCBuildConfiguration;
			buildSettings = {
				ALWAYS_SEARCH_USER_PATHS = NO;
				CLANG_ANALYZER_NONNULL = YES;
				CLANG_ANALYZER_NUMBER_OBJECT_CONVERSION = YES_AGGRESSIVE;
				CLANG_CXX_LANGUAGE_STANDARD = "gnu++17";
				CLANG_ENABLE_MODULES = YES;
				CLANG_ENABLE_OBJC_ARC = YES;
				CLANG_ENABLE_OBJC_WEAK = YES;
				CLANG_WARN_BLOCK_CAPTURE_AUTORELEASING = YES;
				CLANG_WARN_BOOL_CONVERSION = YES;
				CLANG_WARN_COMMA = YES;
				CLANG_WARN_CONSTANT_CONVERSION = YES;
				CLANG_WARN_DEPRECATED_OBJC_IMPLEMENTATIONS = YES;
				CLANG_WARN_DIRECT_OBJC_ISA_USAGE = YES_ERROR;
				CLANG_WARN_DOCUMENTATION_COMMENTS = YES;
				CLANG_WARN_EMPTY_BODY = YES;
				CLANG_WARN_ENUM_CONVERSION = YES;
				CLANG_WARN_INFINITE_RECURSION = YES;
				CLANG_WARN_INT_CONVERSION = YES;
				CLANG_WARN_NON_LITERAL_NULL_CONVERSION = YES;
				CLANG_WARN_OBJC_IMPLICIT_RETAIN_SELF = YES;
				CLANG_WARN_OBJC_LITERAL_CONVERSION = YES;
				CLANG_WARN_OBJC_ROOT_CLASS = YES_ERROR;
				CLANG_WARN_QUOTED_INCLUDE_IN_FRAMEWORK_HEADER = YES;
				CLANG_WARN_RANGE_LOOP_ANALYSIS = YES;
				CLANG_WARN_STRICT_PROTOTYPES = YES;
				CLANG_WARN_SUSPICIOUS_MOVE = YES;
				CLANG_WARN_UNGUARDED_AVAILABILITY = YES_AGGRESSIVE;
				CLANG_WARN_UNREACHABLE_CODE = YES;
				CLANG_WARN__DUPLICATE_METHOD_MATCH = YES;
				COPY_PHASE_STRIP = NO;
				DEBUG_INFORMATION_FORMAT = dwarf;
				ENABLE_STRICT_OBJC_MSGSEND = YES;
				ENABLE_TESTABILITY = YES;
				GCC_C_LANGUAGE_STANDARD = gnu11;
				GCC_DYNAMIC_NO_PIC = NO;
				GCC_NO_COMMON_BLOCKS = YES;
				GCC_OPTIMIZATION_LEVEL = 0;
				GCC_PREPROCESSOR_DEFINITIONS = (
					"DEBUG=1",
					"$(inherited)",
				);
				GCC_WARN_64_TO_32_BIT_CONVERSION = YES;
				GCC_WARN_ABOUT_RETURN_TYPE = YES_ERROR;
				GCC_WARN_UNDECLARED_SELECTOR = YES;
				GCC_WARN_UNINITIALIZED_AUTOS = YES_AGGRESSIVE;
				GCC_WARN_UNUSED_FUNCTION = YES;
				GCC_WARN_UNUSED_VARIABLE = YES;
				IPHONEOS_DEPLOYMENT_TARGET = 15.5;
				MTL_ENABLE_DEBUG_INFO = INCLUDE_SOURCE;
				MTL_FAST_MATH = YES;
				ONLY_ACTIVE_ARCH = YES;
				SDKROOT = iphoneos;
				SWIFT_ACTIVE_COMPILATION_CONDITIONS = DEBUG;
				SWIFT_OPTIMIZATION_LEVEL = "-Onone";
			};
			name = Debug;
		};
		A70BAC622905BC0700A29B15 /* Release */ = {
			isa = XCBuildConfiguration;
			buildSettings = {
				ALWAYS_SEARCH_USER_PATHS = NO;
				CLANG_ANALYZER_NONNULL = YES;
				CLANG_ANALYZER_NUMBER_OBJECT_CONVERSION = YES_AGGRESSIVE;
				CLANG_CXX_LANGUAGE_STANDARD = "gnu++17";
				CLANG_ENABLE_MODULES = YES;
				CLANG_ENABLE_OBJC_ARC = YES;
				CLANG_ENABLE_OBJC_WEAK = YES;
				CLANG_WARN_BLOCK_CAPTURE_AUTORELEASING = YES;
				CLANG_WARN_BOOL_CONVERSION = YES;
				CLANG_WARN_COMMA = YES;
				CLANG_WARN_CONSTANT_CONVERSION = YES;
				CLANG_WARN_DEPRECATED_OBJC_IMPLEMENTATIONS = YES;
				CLANG_WARN_DIRECT_OBJC_ISA_USAGE = YES_ERROR;
				CLANG_WARN_DOCUMENTATION_COMMENTS = YES;
				CLANG_WARN_EMPTY_BODY = YES;
				CLANG_WARN_ENUM_CONVERSION = YES;
				CLANG_WARN_INFINITE_RECURSION = YES;
				CLANG_WARN_INT_CONVERSION = YES;
				CLANG_WARN_NON_LITERAL_NULL_CONVERSION = YES;
				CLANG_WARN_OBJC_IMPLICIT_RETAIN_SELF = YES;
				CLANG_WARN_OBJC_LITERAL_CONVERSION = YES;
				CLANG_WARN_OBJC_ROOT_CLASS = YES_ERROR;
				CLANG_WARN_QUOTED_INCLUDE_IN_FRAMEWORK_HEADER = YES;
				CLANG_WARN_RANGE_LOOP_ANALYSIS = YES;
				CLANG_WARN_STRICT_PROTOTYPES = YES;
				CLANG_WARN_SUSPICIOUS_MOVE = YES;
				CLANG_WARN_UNGUARDED_AVAILABILITY = YES_AGGRESSIVE;
				CLANG_WARN_UNREACHABLE_CODE = YES;
				CLANG_WARN__DUPLICATE_METHOD_MATCH = YES;
				COPY_PHASE_STRIP = NO;
				DEBUG_INFORMATION_FORMAT = "dwarf-with-dsym";
				ENABLE_NS_ASSERTIONS = NO;
				ENABLE_STRICT_OBJC_MSGSEND = YES;
				GCC_C_LANGUAGE_STANDARD = gnu11;
				GCC_NO_COMMON_BLOCKS = YES;
				GCC_WARN_64_TO_32_BIT_CONVERSION = YES;
				GCC_WARN_ABOUT_RETURN_TYPE = YES_ERROR;
				GCC_WARN_UNDECLARED_SELECTOR = YES;
				GCC_WARN_UNINITIALIZED_AUTOS = YES_AGGRESSIVE;
				GCC_WARN_UNUSED_FUNCTION = YES;
				GCC_WARN_UNUSED_VARIABLE = YES;
				IPHONEOS_DEPLOYMENT_TARGET = 15.5;
				MTL_ENABLE_DEBUG_INFO = NO;
				MTL_FAST_MATH = YES;
				SDKROOT = iphoneos;
				SWIFT_COMPILATION_MODE = wholemodule;
				SWIFT_OPTIMIZATION_LEVEL = "-O";
				VALIDATE_PRODUCT = YES;
			};
			name = Release;
		};
		A70BAC642905BC0700A29B15 /* Debug */ = {
			isa = XCBuildConfiguration;
			buildSettings = {
				ASSETCATALOG_COMPILER_APPICON_NAME = AppIcon;
				ASSETCATALOG_COMPILER_GLOBAL_ACCENT_COLOR_NAME = AccentColor;
				CODE_SIGN_STYLE = Automatic;
				CURRENT_PROJECT_VERSION = 1;
				DEVELOPMENT_TEAM = Y3Z5WD37HZ;
				GENERATE_INFOPLIST_FILE = YES;
				INFOPLIST_FILE = MyCars/Info.plist;
				INFOPLIST_KEY_UIApplicationSupportsIndirectInputEvents = YES;
				INFOPLIST_KEY_UILaunchStoryboardName = LaunchScreen;
				INFOPLIST_KEY_UIMainStoryboardFile = Main;
				INFOPLIST_KEY_UISupportedInterfaceOrientations_iPad = "UIInterfaceOrientationPortrait UIInterfaceOrientationPortraitUpsideDown UIInterfaceOrientationLandscapeLeft UIInterfaceOrientationLandscapeRight";
				INFOPLIST_KEY_UISupportedInterfaceOrientations_iPhone = "UIInterfaceOrientationPortrait UIInterfaceOrientationLandscapeLeft UIInterfaceOrientationLandscapeRight";
				LD_RUNPATH_SEARCH_PATHS = (
					"$(inherited)",
					"@executable_path/Frameworks",
				);
				MARKETING_VERSION = 1.0;
				PRODUCT_BUNDLE_IDENTIFIER = Test.MyCars;
				PRODUCT_NAME = "$(TARGET_NAME)";
				SWIFT_EMIT_LOC_STRINGS = YES;
				SWIFT_VERSION = 5.0;
				TARGETED_DEVICE_FAMILY = "1,2";
			};
			name = Debug;
		};
		A70BAC652905BC0700A29B15 /* Release */ = {
			isa = XCBuildConfiguration;
			buildSettings = {
				ASSETCATALOG_COMPILER_APPICON_NAME = AppIcon;
				ASSETCATALOG_COMPILER_GLOBAL_ACCENT_COLOR_NAME = AccentColor;
				CODE_SIGN_STYLE = Automatic;
				CURRENT_PROJECT_VERSION = 1;
				DEVELOPMENT_TEAM = Y3Z5WD37HZ;
				GENERATE_INFOPLIST_FILE = YES;
				INFOPLIST_FILE = MyCars/Info.plist;
				INFOPLIST_KEY_UIApplicationSupportsIndirectInputEvents = YES;
				INFOPLIST_KEY_UILaunchStoryboardName = LaunchScreen;
				INFOPLIST_KEY_UIMainStoryboardFile = Main;
				INFOPLIST_KEY_UISupportedInterfaceOrientations_iPad = "UIInterfaceOrientationPortrait UIInterfaceOrientationPortraitUpsideDown UIInterfaceOrientationLandscapeLeft UIInterfaceOrientationLandscapeRight";
				INFOPLIST_KEY_UISupportedInterfaceOrientations_iPhone = "UIInterfaceOrientationPortrait UIInterfaceOrientationLandscapeLeft UIInterfaceOrientationLandscapeRight";
				LD_RUNPATH_SEARCH_PATHS = (
					"$(inherited)",
					"@executable_path/Frameworks",
				);
				MARKETING_VERSION = 1.0;
				PRODUCT_BUNDLE_IDENTIFIER = Test.MyCars;
				PRODUCT_NAME = "$(TARGET_NAME)";
				SWIFT_EMIT_LOC_STRINGS = YES;
				SWIFT_VERSION = 5.0;
				TARGETED_DEVICE_FAMILY = "1,2";
			};
			name = Release;
		};
/* End XCBuildConfiguration section */

/* Begin XCConfigurationList section */
		A70BAC472905BC0600A29B15 /* Build configuration list for PBXProject "MyCars" */ = {
			isa = XCConfigurationList;
			buildConfigurations = (
				A70BAC612905BC0700A29B15 /* Debug */,
				A70BAC622905BC0700A29B15 /* Release */,
			);
			defaultConfigurationIsVisible = 0;
			defaultConfigurationName = Release;
		};
		A70BAC632905BC0700A29B15 /* Build configuration list for PBXNativeTarget "MyCars" */ = {
			isa = XCConfigurationList;
			buildConfigurations = (
				A70BAC642905BC0700A29B15 /* Debug */,
				A70BAC652905BC0700A29B15 /* Release */,
			);
			defaultConfigurationIsVisible = 0;
			defaultConfigurationName = Release;
		};
/* End XCConfigurationList section */

/* Begin XCVersionGroup section */
		A70BAC582905BC0600A29B15 /* MyCars.xcdatamodeld */ = {
			isa = XCVersionGroup;
			children = (
				A70BAC592905BC0600A29B15 /* MyCars.xcdatamodel */,
			);
			currentVersion = A70BAC592905BC0600A29B15 /* MyCars.xcdatamodel */;
			path = MyCars.xcdatamodeld;
			sourceTree = "<group>";
			versionGroupType = wrapper.xcdatamodel;
		};
/* End XCVersionGroup section */
	};
	rootObject = A70BAC442905BC0600A29B15 /* Project object */;
}
